
Microsoft Visual Studio Solution File, Format Version 12.00
# Visual Studio 15
VisualStudioVersion = 15.0.28010.2041
MinimumVisualStudioVersion = 10.0.40219.1
Project("{FAE04EC0-301F-11D3-BF4B-00C04F79EFBC}") = "BengBeng", "BengBeng\BengBeng.csproj", "{1758AA80-7360-450E-878D-DD71E09BE5D1}"
EndProject
Project("{FAE04EC0-301F-11D3-BF4B-00C04F79EFBC}") = "UnitTests", "UnitTests\UnitTests.csproj", "{72B21FA6-1C1C-43C0-980E-5725A3F276A0}"
EndProject
Global
	GlobalSection(SolutionConfigurationPlatforms) = preSolution
		Debug|Any CPU = Debug|Any CPU
		Release|Any CPU = Release|Any CPU
	EndGlobalSection
	GlobalSection(ProjectConfigurationPlatforms) = postSolution
		{1758AA80-7360-450E-878D-DD71E09BE5D1}.Debug|Any CPU.ActiveCfg = Debug|Any CPU
		{1758AA80-7360-450E-878D-DD71E09BE5D1}.Debug|Any CPU.Build.0 = Debug|Any CPU
		{1758AA80-7360-450E-878D-DD71E09BE5D1}.Release|Any CPU.ActiveCfg = Release|Any CPU
		{1758AA80-7360-450E-878D-DD71E09BE5D1}.Release|Any CPU.Build.0 = Release|Any CPU
		{72B21FA6-1C1C-43C0-980E-5725A3F276A0}.Debug|Any CPU.ActiveCfg = Debug|Any CPU
		{72B21FA6-1C1C-43C0-980E-5725A3F276A0}.Debug|Any CPU.Build.0 = Debug|Any CPU
		{72B21FA6-1C1C-43C0-980E-5725A3F276A0}.Release|Any CPU.ActiveCfg = Release|Any CPU
		{72B21FA6-1C1C-43C0-980E-5725A3F276A0}.Release|Any CPU.Build.0 = Release|Any CPU
	EndGlobalSection
	GlobalSection(SolutionProperties) = preSolution
		HideSolutionNode = FALSE
	EndGlobalSection
	GlobalSection(ExtensibilityGlobals) = postSolution
		SolutionGuid = {39C5E4A3-6B44-47F5-B9EA-1D1D084C7C25}
	EndGlobalSection
EndGlobal
